
Microsoft Visual Studio Solution File, Format Version 12.00
# Visual Studio Version 17
VisualStudioVersion = 17.5.002.0
MinimumVisualStudioVersion = 10.0.40219.1
Project("{9A19103F-16F7-4668-BE54-9A1E7A4F7556}") = "ExemploExplorando", "ExemploExplorando.csproj", "{8B778E6E-22B7-4EF5-BB3E-6A90ADC161F0}"
EndProject
Project("{FAE04EC0-301F-11D3-BF4B-00C04F79EFBC}") = "TestesDeConcurso", "TestesDeConcurso\TestesDeConcurso.csproj", "{96D1284A-6641-4711-989D-07C7E6EB8682}"
EndProject
Global
	GlobalSection(SolutionConfigurationPlatforms) = preSolution
		Debug|Any CPU = Debug|Any CPU
		Release|Any CPU = Release|Any CPU
	EndGlobalSection
	GlobalSection(ProjectConfigurationPlatforms) = postSolution
		{8B778E6E-22B7-4EF5-BB3E-6A90ADC161F0}.Debug|Any CPU.ActiveCfg = Debug|Any CPU
		{8B778E6E-22B7-4EF5-BB3E-6A90ADC161F0}.Debug|Any CPU.Build.0 = Debug|Any CPU
		{8B778E6E-22B7-4EF5-BB3E-6A90ADC161F0}.Release|Any CPU.ActiveCfg = Release|Any CPU
		{8B778E6E-22B7-4EF5-BB3E-6A90ADC161F0}.Release|Any CPU.Build.0 = Release|Any CPU
		{96D1284A-6641-4711-989D-07C7E6EB8682}.Debug|Any CPU.ActiveCfg = Debug|Any CPU
		{96D1284A-6641-4711-989D-07C7E6EB8682}.Debug|Any CPU.Build.0 = Debug|Any CPU
		{96D1284A-6641-4711-989D-07C7E6EB8682}.Release|Any CPU.ActiveCfg = Release|Any CPU
		{96D1284A-6641-4711-989D-07C7E6EB8682}.Release|Any CPU.Build.0 = Release|Any CPU
	EndGlobalSection
	GlobalSection(SolutionProperties) = preSolution
		HideSolutionNode = FALSE
	EndGlobalSection
	GlobalSection(ExtensibilityGlobals) = postSolution
		SolutionGuid = {F14F69D8-AC14-453C-BB62-364AB8445E0D}
	EndGlobalSection
EndGlobal
